// !$*UTF8*$!
{
	archiveVersion = 1;
	classes = {
	};
	objectVersion = 46;
	objects = {

/* Begin PBXBuildFile section */
		0F0DBAB61E12617300F00D6C /* FocusModel.swift in Sources */ = {isa = PBXBuildFile; fileRef = 0F0DBAB51E12617300F00D6C /* FocusModel.swift */; };
		0F0DBAB81E12638400F00D6C /* FocusView.swift in Sources */ = {isa = PBXBuildFile; fileRef = 0F0DBAB71E12638400F00D6C /* FocusView.swift */; };
		0F0DBABA1E126D5700F00D6C /* ListHeadReusableView.swift in Sources */ = {isa = PBXBuildFile; fileRef = 0F0DBAB91E126D5700F00D6C /* ListHeadReusableView.swift */; };
		0F0DBABC1E12A78900F00D6C /* AnchorSectionModel.swift in Sources */ = {isa = PBXBuildFile; fileRef = 0F0DBABB1E12A78900F00D6C /* AnchorSectionModel.swift */; };
		0F0DBABE1E12AC7A00F00D6C /* AnchorSectionList.swift in Sources */ = {isa = PBXBuildFile; fileRef = 0F0DBABD1E12AC7A00F00D6C /* AnchorSectionList.swift */; };
		0F0DBAC01E12ADA000F00D6C /* AnchorViewModel.swift in Sources */ = {isa = PBXBuildFile; fileRef = 0F0DBABF1E12ADA000F00D6C /* AnchorViewModel.swift */; };
		0F0DBAC21E12B2B900F00D6C /* AnchorNormalCell.swift in Sources */ = {isa = PBXBuildFile; fileRef = 0F0DBAC11E12B2B900F00D6C /* AnchorNormalCell.swift */; };
		0F24BB411E0A4A1700DF441A /* AppDelegate.swift in Sources */ = {isa = PBXBuildFile; fileRef = 0F24BB401E0A4A1700DF441A /* AppDelegate.swift */; };
		0F24BB481E0A4A1700DF441A /* Assets.xcassets in Resources */ = {isa = PBXBuildFile; fileRef = 0F24BB471E0A4A1700DF441A /* Assets.xcassets */; };
		0F24BB4B1E0A4A1700DF441A /* LaunchScreen.storyboard in Resources */ = {isa = PBXBuildFile; fileRef = 0F24BB491E0A4A1700DF441A /* LaunchScreen.storyboard */; };
		0F24BB561E0A4A1800DF441A /* XMLYDemoTests.swift in Sources */ = {isa = PBXBuildFile; fileRef = 0F24BB551E0A4A1800DF441A /* XMLYDemoTests.swift */; };
		0F24BB611E0A4A1800DF441A /* XMLYDemoUITests.swift in Sources */ = {isa = PBXBuildFile; fileRef = 0F24BB601E0A4A1800DF441A /* XMLYDemoUITests.swift */; };
		0F7A7DF81E10931F00D6B0FC /* PromotionCell.swift in Sources */ = {isa = PBXBuildFile; fileRef = 0F7A7DF71E10931F00D6B0FC /* PromotionCell.swift */; };
		0F7A7DFA1E10994D00D6B0FC /* HotMainModel.swift in Sources */ = {isa = PBXBuildFile; fileRef = 0F7A7DF91E10994D00D6B0FC /* HotMainModel.swift */; };
		0F7A7DFC1E10998B00D6B0FC /* HotSubModel.swift in Sources */ = {isa = PBXBuildFile; fileRef = 0F7A7DFB1E10998B00D6B0FC /* HotSubModel.swift */; };
		0F7A7DFF1E10C6D100D6B0FC /* NowLiveCell.swift in Sources */ = {isa = PBXBuildFile; fileRef = 0F7A7DFE1E10C6D100D6B0FC /* NowLiveCell.swift */; };
		0F7A7E011E10CAB400D6B0FC /* FineListenCell.swift in Sources */ = {isa = PBXBuildFile; fileRef = 0F7A7E001E10CAB400D6B0FC /* FineListenCell.swift */; };
		0F9C42921E0A58F5008044B1 /* MainTabBarController.swift in Sources */ = {isa = PBXBuildFile; fileRef = 0F9C42911E0A58F5008044B1 /* MainTabBarController.swift */; };
		0F9C42941E0A5AA7008044B1 /* STTabBar.swift in Sources */ = {isa = PBXBuildFile; fileRef = 0F9C42931E0A5AA7008044B1 /* STTabBar.swift */; };
		0F9C42961E0A5BB9008044B1 /* Common.swift in Sources */ = {isa = PBXBuildFile; fileRef = 0F9C42951E0A5BB9008044B1 /* Common.swift */; };
		0F9C42981E0A5CB5008044B1 /* MainNavigationController.swift in Sources */ = {isa = PBXBuildFile; fileRef = 0F9C42971E0A5CB5008044B1 /* MainNavigationController.swift */; };
		0F9C429A1E0A5D31008044B1 /* HomeViewController.swift in Sources */ = {isa = PBXBuildFile; fileRef = 0F9C42991E0A5D31008044B1 /* HomeViewController.swift */; };
		0F9C429C1E0A5D46008044B1 /* SubscriptionViewController.swift in Sources */ = {isa = PBXBuildFile; fileRef = 0F9C429B1E0A5D46008044B1 /* SubscriptionViewController.swift */; };
		0F9C429E1E0A5D54008044B1 /* FindViewController.swift in Sources */ = {isa = PBXBuildFile; fileRef = 0F9C429D1E0A5D54008044B1 /* FindViewController.swift */; };
		0F9C42A01E0A5D64008044B1 /* MeViewController.swift in Sources */ = {isa = PBXBuildFile; fileRef = 0F9C429F1E0A5D64008044B1 /* MeViewController.swift */; };
		0F9C42A31E0A631A008044B1 /* STButton.swift in Sources */ = {isa = PBXBuildFile; fileRef = 0F9C42A21E0A631A008044B1 /* STButton.swift */; };
		0F9C42A51E0A6EC1008044B1 /* BaseViewController.swift in Sources */ = {isa = PBXBuildFile; fileRef = 0F9C42A41E0A6EC1008044B1 /* BaseViewController.swift */; };
		0F9C42A71E0A726E008044B1 /* STSearchButton.swift in Sources */ = {isa = PBXBuildFile; fileRef = 0F9C42A61E0A726E008044B1 /* STSearchButton.swift */; };
		0F9C42B21E0A7AFE008044B1 /* STContentFlowLayout.swift in Sources */ = {isa = PBXBuildFile; fileRef = 0F9C42AA1E0A7AFE008044B1 /* STContentFlowLayout.swift */; };
		0F9C42B31E0A7AFE008044B1 /* STContentView.swift in Sources */ = {isa = PBXBuildFile; fileRef = 0F9C42AB1E0A7AFE008044B1 /* STContentView.swift */; };
		0F9C42B41E0A7AFE008044B1 /* STPageCollectionView.swift in Sources */ = {isa = PBXBuildFile; fileRef = 0F9C42AC1E0A7AFE008044B1 /* STPageCollectionView.swift */; };
		0F9C42B51E0A7AFE008044B1 /* STPageView.swift in Sources */ = {isa = PBXBuildFile; fileRef = 0F9C42AD1E0A7AFE008044B1 /* STPageView.swift */; };
		0F9C42B61E0A7AFE008044B1 /* STPageViewStyle.swift in Sources */ = {isa = PBXBuildFile; fileRef = 0F9C42AE1E0A7AFE008044B1 /* STPageViewStyle.swift */; };
		0F9C42B71E0A7AFE008044B1 /* STTitlesView.swift in Sources */ = {isa = PBXBuildFile; fileRef = 0F9C42AF1E0A7AFE008044B1 /* STTitlesView.swift */; };
		0F9C42B81E0A7AFE008044B1 /* UIColor-Extension.swift in Sources */ = {isa = PBXBuildFile; fileRef = 0F9C42B01E0A7AFE008044B1 /* UIColor-Extension.swift */; };
		0F9C42C51E0ABB11008044B1 /* NetWorkTools.swift in Sources */ = {isa = PBXBuildFile; fileRef = 0F9C42C41E0ABB11008044B1 /* NetWorkTools.swift */; };
		0F9C42E41E0AC8FC008044B1 /* AnchorViewController.swift in Sources */ = {isa = PBXBuildFile; fileRef = 0F9C42C81E0AC8FC008044B1 /* AnchorViewController.swift */; };
		0F9C42E51E0AC8FC008044B1 /* CategoryViewController.swift in Sources */ = {isa = PBXBuildFile; fileRef = 0F9C42CE1E0AC8FC008044B1 /* CategoryViewController.swift */; };
		0F9C42E61E0AC8FC008044B1 /* ListViewController.swift in Sources */ = {isa = PBXBuildFile; fileRef = 0F9C42D41E0AC8FC008044B1 /* ListViewController.swift */; };
		0F9C42E71E0AC8FC008044B1 /* PopularViewController.swift in Sources */ = {isa = PBXBuildFile; fileRef = 0F9C42DA1E0AC8FC008044B1 /* PopularViewController.swift */; };
		0F9C42E81E0AC8FC008044B1 /* RecommendViewController.swift in Sources */ = {isa = PBXBuildFile; fileRef = 0F9C42E01E0AC8FC008044B1 /* RecommendViewController.swift */; };
		0F9C42F01E0ACEA6008044B1 /* BaseModel.swift in Sources */ = {isa = PBXBuildFile; fileRef = 0F9C42EF1E0ACEA6008044B1 /* BaseModel.swift */; };
		0F9C430A1E0B537B008044B1 /* CityColumnItem.swift in Sources */ = {isa = PBXBuildFile; fileRef = 0F9C43011E0B537B008044B1 /* CityColumnItem.swift */; };
		0F9C430B1E0B537B008044B1 /* CityColumnModel.swift in Sources */ = {isa = PBXBuildFile; fileRef = 0F9C43021E0B537B008044B1 /* CityColumnModel.swift */; };
		0F9C430C1E0B537B008044B1 /* DiscoveryColumnsItem.swift in Sources */ = {isa = PBXBuildFile; fileRef = 0F9C43031E0B537B008044B1 /* DiscoveryColumnsItem.swift */; };
		0F9C430D1E0B537B008044B1 /* DiscoveryColumnsModel.swift in Sources */ = {isa = PBXBuildFile; fileRef = 0F9C43041E0B537B008044B1 /* DiscoveryColumnsModel.swift */; };
		0F9C430E1E0B537B008044B1 /* GuessItem.swift in Sources */ = {isa = PBXBuildFile; fileRef = 0F9C43051E0B537B008044B1 /* GuessItem.swift */; };
		0F9C430F1E0B537B008044B1 /* GuessModel.swift in Sources */ = {isa = PBXBuildFile; fileRef = 0F9C43061E0B537B008044B1 /* GuessModel.swift */; };
		0F9C43101E0B537B008044B1 /* HotRecommendsItem.swift in Sources */ = {isa = PBXBuildFile; fileRef = 0F9C43071E0B537B008044B1 /* HotRecommendsItem.swift */; };
		0F9C43111E0B537B008044B1 /* HotRecommendsModel.swift in Sources */ = {isa = PBXBuildFile; fileRef = 0F9C43081E0B537B008044B1 /* HotRecommendsModel.swift */; };
		0F9C43121E0B537B008044B1 /* HotRecommendsSubItem.swift in Sources */ = {isa = PBXBuildFile; fileRef = 0F9C43091E0B537B008044B1 /* HotRecommendsSubItem.swift */; };
		0F9C43151E0B5FFA008044B1 /* RecommendVM.swift in Sources */ = {isa = PBXBuildFile; fileRef = 0F9C43141E0B5FFA008044B1 /* RecommendVM.swift */; };
		0F9C43171E0B6067008044B1 /* HomeTitleVM.swift in Sources */ = {isa = PBXBuildFile; fileRef = 0F9C43161E0B6067008044B1 /* HomeTitleVM.swift */; };
		0F9C43191E0B6088008044B1 /* HomeTitleModel.swift in Sources */ = {isa = PBXBuildFile; fileRef = 0F9C43181E0B6088008044B1 /* HomeTitleModel.swift */; };
		0F9C431B1E0B72C9008044B1 /* FocusImagesModel.swift in Sources */ = {isa = PBXBuildFile; fileRef = 0F9C431A1E0B72C9008044B1 /* FocusImagesModel.swift */; };
		0F9C431D1E0B72ED008044B1 /* FocusImagesItem.swift in Sources */ = {isa = PBXBuildFile; fileRef = 0F9C431C1E0B72ED008044B1 /* FocusImagesItem.swift */; };
		0F9C431F1E0B744A008044B1 /* EditorRecommendAlbumsModel.swift in Sources */ = {isa = PBXBuildFile; fileRef = 0F9C431E1E0B744A008044B1 /* EditorRecommendAlbumsModel.swift */; };
		0F9C43211E0B745A008044B1 /* EditorRecommendAlbumsItem.swift in Sources */ = {isa = PBXBuildFile; fileRef = 0F9C43201E0B745A008044B1 /* EditorRecommendAlbumsItem.swift */; };
		0F9C43231E0B7753008044B1 /* SpecialColumnModel.swift in Sources */ = {isa = PBXBuildFile; fileRef = 0F9C43221E0B7753008044B1 /* SpecialColumnModel.swift */; };
		0F9C43251E0B7767008044B1 /* SpecialColumnItem.swift in Sources */ = {isa = PBXBuildFile; fileRef = 0F9C43241E0B7767008044B1 /* SpecialColumnItem.swift */; };
		0F9C43271E0B7B8F008044B1 /* RotationMapView.swift in Sources */ = {isa = PBXBuildFile; fileRef = 0F9C43261E0B7B8F008044B1 /* RotationMapView.swift */; };
		0F9C43291E0B7EC6008044B1 /* RotationMapCollectionViewCell.swift in Sources */ = {isa = PBXBuildFile; fileRef = 0F9C43281E0B7EC6008044B1 /* RotationMapCollectionViewCell.swift */; };
		0F9C432B1E0BA07C008044B1 /* RecommendView.swift in Sources */ = {isa = PBXBuildFile; fileRef = 0F9C432A1E0BA07C008044B1 /* RecommendView.swift */; };
		0F9C432D1E0BA2FF008044B1 /* RecommendViewCell.swift in Sources */ = {isa = PBXBuildFile; fileRef = 0F9C432C1E0BA2FF008044B1 /* RecommendViewCell.swift */; };
		0F9C43691E0BC415008044B1 /* PopularReusableView.swift in Sources */ = {isa = PBXBuildFile; fileRef = 0F9C43681E0BC415008044B1 /* PopularReusableView.swift */; };
		0F9C436E1E0BD9F6008044B1 /* GuessYouLikeCell.swift in Sources */ = {isa = PBXBuildFile; fileRef = 0F9C436D1E0BD9F6008044B1 /* GuessYouLikeCell.swift */; };
		0F9C43701E0CAC73008044B1 /* NormalCell.swift in Sources */ = {isa = PBXBuildFile; fileRef = 0F9C436F1E0CAC73008044B1 /* NormalCell.swift */; };
		0F9C43791E0CC97C008044B1 /* PopularViewModel.swift in Sources */ = {isa = PBXBuildFile; fileRef = 0F9C43781E0CC97C008044B1 /* PopularViewModel.swift */; };
		0FC9B5091E12B89F00C81196 /* AnchorFootReusableView.swift in Sources */ = {isa = PBXBuildFile; fileRef = 0FC9B5081E12B89F00C81196 /* AnchorFootReusableView.swift */; };
		0FC9B50B1E13342100C81196 /* ListFootReusableView.swift in Sources */ = {isa = PBXBuildFile; fileRef = 0FC9B50A1E13342000C81196 /* ListFootReusableView.swift */; };
		0FCEF0391E133E2500A0D0DC /* AnchorSignerCell.swift in Sources */ = {isa = PBXBuildFile; fileRef = 0FCEF0381E133E2500A0D0DC /* AnchorSignerCell.swift */; };
		0FE65A6E1E11532A005BE9F1 /* NowLiveSubCell.swift in Sources */ = {isa = PBXBuildFile; fileRef = 0FE65A6D1E11532A005BE9F1 /* NowLiveSubCell.swift */; };
		0FE65A701E11E6DB005BE9F1 /* CategoryViewModel.swift in Sources */ = {isa = PBXBuildFile; fileRef = 0FE65A6F1E11E6DB005BE9F1 /* CategoryViewModel.swift */; };
		0FE65A721E11E7FF005BE9F1 /* CategoryModel.swift in Sources */ = {isa = PBXBuildFile; fileRef = 0FE65A711E11E7FF005BE9F1 /* CategoryModel.swift */; };
		0FE65A751E11EAEE005BE9F1 /* SectionCategory.swift in Sources */ = {isa = PBXBuildFile; fileRef = 0FE65A741E11EAEE005BE9F1 /* SectionCategory.swift */; };
		0FE65A771E11F18C005BE9F1 /* GroupCategory.swift in Sources */ = {isa = PBXBuildFile; fileRef = 0FE65A761E11F18C005BE9F1 /* GroupCategory.swift */; };
		0FE65A791E121168005BE9F1 /* CategoryHeadCell.swift in Sources */ = {isa = PBXBuildFile; fileRef = 0FE65A781E121168005BE9F1 /* CategoryHeadCell.swift */; };
		0FE65A7B1E121180005BE9F1 /* CategoryNormalCell.swift in Sources */ = {isa = PBXBuildFile; fileRef = 0FE65A7A1E121180005BE9F1 /* CategoryNormalCell.swift */; };
		0FE65A7D1E1244B5005BE9F1 /* ListViewModel.swift in Sources */ = {isa = PBXBuildFile; fileRef = 0FE65A7C1E1244B5005BE9F1 /* ListViewModel.swift */; };
		0FE65A7F1E1245E5005BE9F1 /* ListModel.swift in Sources */ = {isa = PBXBuildFile; fileRef = 0FE65A7E1E1245E5005BE9F1 /* ListModel.swift */; };
		0FE65A811E1247DE005BE9F1 /* ListSubModel.swift in Sources */ = {isa = PBXBuildFile; fileRef = 0FE65A801E1247DE005BE9F1 /* ListSubModel.swift */; };
		0FE65A831E1249F9005BE9F1 /* ListMainModel.swift in Sources */ = {isa = PBXBuildFile; fileRef = 0FE65A821E1249F9005BE9F1 /* ListMainModel.swift */; };
		0FE65A851E124E12005BE9F1 /* ListViewCell.swift in Sources */ = {isa = PBXBuildFile; fileRef = 0FE65A841E124E12005BE9F1 /* ListViewCell.swift */; };
		D30D925C9558E93C4CEEA520 /* Pods_XMLYDemo.framework in Frameworks */ = {isa = PBXBuildFile; fileRef = 9C27513499B18D4CA8630D80 /* Pods_XMLYDemo.framework */; settings = {ATTRIBUTES = (Required, ); }; };
/* End PBXBuildFile section */

/* Begin PBXContainerItemProxy section */
		0F24BB521E0A4A1800DF441A /* PBXContainerItemProxy */ = {
			isa = PBXContainerItemProxy;
			containerPortal = 0F24BB351E0A4A1700DF441A /* Project object */;
			proxyType = 1;
			remoteGlobalIDString = 0F24BB3C1E0A4A1700DF441A;
			remoteInfo = XMLYDemo;
		};
		0F24BB5D1E0A4A1800DF441A /* PBXContainerItemProxy */ = {
			isa = PBXContainerItemProxy;
			containerPortal = 0F24BB351E0A4A1700DF441A /* Project object */;
			proxyType = 1;
			remoteGlobalIDString = 0F24BB3C1E0A4A1700DF441A;
			remoteInfo = XMLYDemo;
		};
/* End PBXContainerItemProxy section */

/* Begin PBXFileReference section */
		0F0DBAB51E12617300F00D6C /* FocusModel.swift */ = {isa = PBXFileReference; fileEncoding = 4; lastKnownFileType = sourcecode.swift; path = FocusModel.swift; sourceTree = "<group>"; };
		0F0DBAB71E12638400F00D6C /* FocusView.swift */ = {isa = PBXFileReference; fileEncoding = 4; lastKnownFileType = sourcecode.swift; lineEnding = 0; path = FocusView.swift; sourceTree = "<group>"; xcLanguageSpecificationIdentifier = xcode.lang.swift; };
		0F0DBAB91E126D5700F00D6C /* ListHeadReusableView.swift */ = {isa = PBXFileReference; fileEncoding = 4; lastKnownFileType = sourcecode.swift; lineEnding = 0; path = ListHeadReusableView.swift; sourceTree = "<group>"; xcLanguageSpecificationIdentifier = xcode.lang.swift; };
		0F0DBABB1E12A78900F00D6C /* AnchorSectionModel.swift */ = {isa = PBXFileReference; fileEncoding = 4; lastKnownFileType = sourcecode.swift; path = AnchorSectionModel.swift; sourceTree = "<group>"; };
		0F0DBABD1E12AC7A00F00D6C /* AnchorSectionList.swift */ = {isa = PBXFileReference; fileEncoding = 4; lastKnownFileType = sourcecode.swift; path = AnchorSectionList.swift; sourceTree = "<group>"; };
		0F0DBABF1E12ADA000F00D6C /* AnchorViewModel.swift */ = {isa = PBXFileReference; fileEncoding = 4; lastKnownFileType = sourcecode.swift; path = AnchorViewModel.swift; sourceTree = "<group>"; };
		0F0DBAC11E12B2B900F00D6C /* AnchorNormalCell.swift */ = {isa = PBXFileReference; fileEncoding = 4; lastKnownFileType = sourcecode.swift; lineEnding = 0; path = AnchorNormalCell.swift; sourceTree = "<group>"; xcLanguageSpecificationIdentifier = xcode.lang.swift; };
		0F24BB3D1E0A4A1700DF441A /* XMLYDemo.app */ = {isa = PBXFileReference; explicitFileType = wrapper.application; includeInIndex = 0; path = XMLYDemo.app; sourceTree = BUILT_PRODUCTS_DIR; };
		0F24BB401E0A4A1700DF441A /* AppDelegate.swift */ = {isa = PBXFileReference; lastKnownFileType = sourcecode.swift; path = AppDelegate.swift; sourceTree = "<group>"; };
		0F24BB471E0A4A1700DF441A /* Assets.xcassets */ = {isa = PBXFileReference; lastKnownFileType = folder.assetcatalog; path = Assets.xcassets; sourceTree = "<group>"; };
		0F24BB4A1E0A4A1700DF441A /* Base */ = {isa = PBXFileReference; lastKnownFileType = file.storyboard; name = Base; path = Base.lproj/LaunchScreen.storyboard; sourceTree = "<group>"; };
		0F24BB4C1E0A4A1700DF441A /* Info.plist */ = {isa = PBXFileReference; lastKnownFileType = text.plist.xml; path = Info.plist; sourceTree = "<group>"; };
		0F24BB511E0A4A1800DF441A /* XMLYDemoTests.xctest */ = {isa = PBXFileReference; explicitFileType = wrapper.cfbundle; includeInIndex = 0; path = XMLYDemoTests.xctest; sourceTree = BUILT_PRODUCTS_DIR; };
		0F24BB551E0A4A1800DF441A /* XMLYDemoTests.swift */ = {isa = PBXFileReference; lastKnownFileType = sourcecode.swift; path = XMLYDemoTests.swift; sourceTree = "<group>"; };
		0F24BB571E0A4A1800DF441A /* Info.plist */ = {isa = PBXFileReference; lastKnownFileType = text.plist.xml; path = Info.plist; sourceTree = "<group>"; };
		0F24BB5C1E0A4A1800DF441A /* XMLYDemoUITests.xctest */ = {isa = PBXFileReference; explicitFileType = wrapper.cfbundle; includeInIndex = 0; path = XMLYDemoUITests.xctest; sourceTree = BUILT_PRODUCTS_DIR; };
		0F24BB601E0A4A1800DF441A /* XMLYDemoUITests.swift */ = {isa = PBXFileReference; lastKnownFileType = sourcecode.swift; path = XMLYDemoUITests.swift; sourceTree = "<group>"; };
		0F24BB621E0A4A1800DF441A /* Info.plist */ = {isa = PBXFileReference; lastKnownFileType = text.plist.xml; path = Info.plist; sourceTree = "<group>"; };
		0F7A7DF71E10931F00D6B0FC /* PromotionCell.swift */ = {isa = PBXFileReference; fileEncoding = 4; lastKnownFileType = sourcecode.swift; path = PromotionCell.swift; sourceTree = "<group>"; };
		0F7A7DF91E10994D00D6B0FC /* HotMainModel.swift */ = {isa = PBXFileReference; fileEncoding = 4; lastKnownFileType = sourcecode.swift; path = HotMainModel.swift; sourceTree = "<group>"; };
		0F7A7DFB1E10998B00D6B0FC /* HotSubModel.swift */ = {isa = PBXFileReference; fileEncoding = 4; lastKnownFileType = sourcecode.swift; path = HotSubModel.swift; sourceTree = "<group>"; };
		0F7A7DFE1E10C6D100D6B0FC /* NowLiveCell.swift */ = {isa = PBXFileReference; fileEncoding = 4; lastKnownFileType = sourcecode.swift; path = NowLiveCell.swift; sourceTree = "<group>"; };
		0F7A7E001E10CAB400D6B0FC /* FineListenCell.swift */ = {isa = PBXFileReference; fileEncoding = 4; lastKnownFileType = sourcecode.swift; lineEnding = 0; path = FineListenCell.swift; sourceTree = "<group>"; xcLanguageSpecificationIdentifier = xcode.lang.swift; };
		0F9C42911E0A58F5008044B1 /* MainTabBarController.swift */ = {isa = PBXFileReference; fileEncoding = 4; lastKnownFileType = sourcecode.swift; path = MainTabBarController.swift; sourceTree = "<group>"; };
		0F9C42931E0A5AA7008044B1 /* STTabBar.swift */ = {isa = PBXFileReference; fileEncoding = 4; lastKnownFileType = sourcecode.swift; path = STTabBar.swift; sourceTree = "<group>"; };
		0F9C42951E0A5BB9008044B1 /* Common.swift */ = {isa = PBXFileReference; fileEncoding = 4; lastKnownFileType = sourcecode.swift; path = Common.swift; sourceTree = "<group>"; };
		0F9C42971E0A5CB5008044B1 /* MainNavigationController.swift */ = {isa = PBXFileReference; fileEncoding = 4; lastKnownFileType = sourcecode.swift; path = MainNavigationController.swift; sourceTree = "<group>"; };
		0F9C42991E0A5D31008044B1 /* HomeViewController.swift */ = {isa = PBXFileReference; fileEncoding = 4; lastKnownFileType = sourcecode.swift; path = HomeViewController.swift; sourceTree = "<group>"; };
		0F9C429B1E0A5D46008044B1 /* SubscriptionViewController.swift */ = {isa = PBXFileReference; fileEncoding = 4; lastKnownFileType = sourcecode.swift; path = SubscriptionViewController.swift; sourceTree = "<group>"; };
		0F9C429D1E0A5D54008044B1 /* FindViewController.swift */ = {isa = PBXFileReference; fileEncoding = 4; lastKnownFileType = sourcecode.swift; path = FindViewController.swift; sourceTree = "<group>"; };
		0F9C429F1E0A5D64008044B1 /* MeViewController.swift */ = {isa = PBXFileReference; fileEncoding = 4; lastKnownFileType = sourcecode.swift; path = MeViewController.swift; sourceTree = "<group>"; };
		0F9C42A21E0A631A008044B1 /* STButton.swift */ = {isa = PBXFileReference; fileEncoding = 4; lastKnownFileType = sourcecode.swift; path = STButton.swift; sourceTree = "<group>"; };
		0F9C42A41E0A6EC1008044B1 /* BaseViewController.swift */ = {isa = PBXFileReference; fileEncoding = 4; lastKnownFileType = sourcecode.swift; path = BaseViewController.swift; sourceTree = "<group>"; };
		0F9C42A61E0A726E008044B1 /* STSearchButton.swift */ = {isa = PBXFileReference; fileEncoding = 4; lastKnownFileType = sourcecode.swift; path = STSearchButton.swift; sourceTree = "<group>"; };
		0F9C42AA1E0A7AFE008044B1 /* STContentFlowLayout.swift */ = {isa = PBXFileReference; fileEncoding = 4; lastKnownFileType = sourcecode.swift; path = STContentFlowLayout.swift; sourceTree = "<group>"; };
		0F9C42AB1E0A7AFE008044B1 /* STContentView.swift */ = {isa = PBXFileReference; fileEncoding = 4; lastKnownFileType = sourcecode.swift; path = STContentView.swift; sourceTree = "<group>"; };
		0F9C42AC1E0A7AFE008044B1 /* STPageCollectionView.swift */ = {isa = PBXFileReference; fileEncoding = 4; lastKnownFileType = sourcecode.swift; path = STPageCollectionView.swift; sourceTree = "<group>"; };
		0F9C42AD1E0A7AFE008044B1 /* STPageView.swift */ = {isa = PBXFileReference; fileEncoding = 4; lastKnownFileType = sourcecode.swift; path = STPageView.swift; sourceTree = "<group>"; };
		0F9C42AE1E0A7AFE008044B1 /* STPageViewStyle.swift */ = {isa = PBXFileReference; fileEncoding = 4; lastKnownFileType = sourcecode.swift; path = STPageViewStyle.swift; sourceTree = "<group>"; };
		0F9C42AF1E0A7AFE008044B1 /* STTitlesView.swift */ = {isa = PBXFileReference; fileEncoding = 4; lastKnownFileType = sourcecode.swift; path = STTitlesView.swift; sourceTree = "<group>"; };
		0F9C42B01E0A7AFE008044B1 /* UIColor-Extension.swift */ = {isa = PBXFileReference; fileEncoding = 4; lastKnownFileType = sourcecode.swift; path = "UIColor-Extension.swift"; sourceTree = "<group>"; };
		0F9C42C41E0ABB11008044B1 /* NetWorkTools.swift */ = {isa = PBXFileReference; fileEncoding = 4; lastKnownFileType = sourcecode.swift; path = NetWorkTools.swift; sourceTree = "<group>"; };
		0F9C42C81E0AC8FC008044B1 /* AnchorViewController.swift */ = {isa = PBXFileReference; fileEncoding = 4; lastKnownFileType = sourcecode.swift; path = AnchorViewController.swift; sourceTree = "<group>"; };
		0F9C42CE1E0AC8FC008044B1 /* CategoryViewController.swift */ = {isa = PBXFileReference; fileEncoding = 4; lastKnownFileType = sourcecode.swift; path = CategoryViewController.swift; sourceTree = "<group>"; };
		0F9C42D41E0AC8FC008044B1 /* ListViewController.swift */ = {isa = PBXFileReference; fileEncoding = 4; lastKnownFileType = sourcecode.swift; path = ListViewController.swift; sourceTree = "<group>"; };
		0F9C42DA1E0AC8FC008044B1 /* PopularViewController.swift */ = {isa = PBXFileReference; fileEncoding = 4; lastKnownFileType = sourcecode.swift; path = PopularViewController.swift; sourceTree = "<group>"; };
		0F9C42E01E0AC8FC008044B1 /* RecommendViewController.swift */ = {isa = PBXFileReference; fileEncoding = 4; lastKnownFileType = sourcecode.swift; path = RecommendViewController.swift; sourceTree = "<group>"; };
		0F9C42EF1E0ACEA6008044B1 /* BaseModel.swift */ = {isa = PBXFileReference; fileEncoding = 4; lastKnownFileType = sourcecode.swift; path = BaseModel.swift; sourceTree = "<group>"; };
		0F9C43011E0B537B008044B1 /* CityColumnItem.swift */ = {isa = PBXFileReference; fileEncoding = 4; lastKnownFileType = sourcecode.swift; path = CityColumnItem.swift; sourceTree = "<group>"; };
		0F9C43021E0B537B008044B1 /* CityColumnModel.swift */ = {isa = PBXFileReference; fileEncoding = 4; lastKnownFileType = sourcecode.swift; path = CityColumnModel.swift; sourceTree = "<group>"; };
		0F9C43031E0B537B008044B1 /* DiscoveryColumnsItem.swift */ = {isa = PBXFileReference; fileEncoding = 4; lastKnownFileType = sourcecode.swift; path = DiscoveryColumnsItem.swift; sourceTree = "<group>"; };
		0F9C43041E0B537B008044B1 /* DiscoveryColumnsModel.swift */ = {isa = PBXFileReference; fileEncoding = 4; lastKnownFileType = sourcecode.swift; path = DiscoveryColumnsModel.swift; sourceTree = "<group>"; };
		0F9C43051E0B537B008044B1 /* GuessItem.swift */ = {isa = PBXFileReference; fileEncoding = 4; lastKnownFileType = sourcecode.swift; path = GuessItem.swift; sourceTree = "<group>"; };
		0F9C43061E0B537B008044B1 /* GuessModel.swift */ = {isa = PBXFileReference; fileEncoding = 4; lastKnownFileType = sourcecode.swift; path = GuessModel.swift; sourceTree = "<group>"; };
		0F9C43071E0B537B008044B1 /* HotRecommendsItem.swift */ = {isa = PBXFileReference; fileEncoding = 4; lastKnownFileType = sourcecode.swift; path = HotRecommendsItem.swift; sourceTree = "<group>"; };
		0F9C43081E0B537B008044B1 /* HotRecommendsModel.swift */ = {isa = PBXFileReference; fileEncoding = 4; lastKnownFileType = sourcecode.swift; path = HotRecommendsModel.swift; sourceTree = "<group>"; };
		0F9C43091E0B537B008044B1 /* HotRecommendsSubItem.swift */ = {isa = PBXFileReference; fileEncoding = 4; lastKnownFileType = sourcecode.swift; path = HotRecommendsSubItem.swift; sourceTree = "<group>"; };
		0F9C43141E0B5FFA008044B1 /* RecommendVM.swift */ = {isa = PBXFileReference; fileEncoding = 4; lastKnownFileType = sourcecode.swift; path = RecommendVM.swift; sourceTree = "<group>"; };
		0F9C43161E0B6067008044B1 /* HomeTitleVM.swift */ = {isa = PBXFileReference; fileEncoding = 4; lastKnownFileType = sourcecode.swift; path = HomeTitleVM.swift; sourceTree = "<group>"; };
		0F9C43181E0B6088008044B1 /* HomeTitleModel.swift */ = {isa = PBXFileReference; fileEncoding = 4; lastKnownFileType = sourcecode.swift; path = HomeTitleModel.swift; sourceTree = "<group>"; };
		0F9C431A1E0B72C9008044B1 /* FocusImagesModel.swift */ = {isa = PBXFileReference; fileEncoding = 4; lastKnownFileType = sourcecode.swift; path = FocusImagesModel.swift; sourceTree = "<group>"; };
		0F9C431C1E0B72ED008044B1 /* FocusImagesItem.swift */ = {isa = PBXFileReference; fileEncoding = 4; lastKnownFileType = sourcecode.swift; path = FocusImagesItem.swift; sourceTree = "<group>"; };
		0F9C431E1E0B744A008044B1 /* EditorRecommendAlbumsModel.swift */ = {isa = PBXFileReference; fileEncoding = 4; lastKnownFileType = sourcecode.swift; path = EditorRecommendAlbumsModel.swift; sourceTree = "<group>"; };
		0F9C43201E0B745A008044B1 /* EditorRecommendAlbumsItem.swift */ = {isa = PBXFileReference; fileEncoding = 4; lastKnownFileType = sourcecode.swift; path = EditorRecommendAlbumsItem.swift; sourceTree = "<group>"; };
		0F9C43221E0B7753008044B1 /* SpecialColumnModel.swift */ = {isa = PBXFileReference; fileEncoding = 4; lastKnownFileType = sourcecode.swift; path = SpecialColumnModel.swift; sourceTree = "<group>"; };
		0F9C43241E0B7767008044B1 /* SpecialColumnItem.swift */ = {isa = PBXFileReference; fileEncoding = 4; lastKnownFileType = sourcecode.swift; path = SpecialColumnItem.swift; sourceTree = "<group>"; };
		0F9C43261E0B7B8F008044B1 /* RotationMapView.swift */ = {isa = PBXFileReference; fileEncoding = 4; lastKnownFileType = sourcecode.swift; path = RotationMapView.swift; sourceTree = "<group>"; };
		0F9C43281E0B7EC6008044B1 /* RotationMapCollectionViewCell.swift */ = {isa = PBXFileReference; fileEncoding = 4; lastKnownFileType = sourcecode.swift; path = RotationMapCollectionViewCell.swift; sourceTree = "<group>"; };
		0F9C432A1E0BA07C008044B1 /* RecommendView.swift */ = {isa = PBXFileReference; fileEncoding = 4; lastKnownFileType = sourcecode.swift; path = RecommendView.swift; sourceTree = "<group>"; };
		0F9C432C1E0BA2FF008044B1 /* RecommendViewCell.swift */ = {isa = PBXFileReference; fileEncoding = 4; lastKnownFileType = sourcecode.swift; path = RecommendViewCell.swift; sourceTree = "<group>"; };
		0F9C43681E0BC415008044B1 /* PopularReusableView.swift */ = {isa = PBXFileReference; fileEncoding = 4; lastKnownFileType = sourcecode.swift; lineEnding = 0; path = PopularReusableView.swift; sourceTree = "<group>"; xcLanguageSpecificationIdentifier = xcode.lang.swift; };
		0F9C436D1E0BD9F6008044B1 /* GuessYouLikeCell.swift */ = {isa = PBXFileReference; fileEncoding = 4; lastKnownFileType = sourcecode.swift; lineEnding = 0; path = GuessYouLikeCell.swift; sourceTree = "<group>"; xcLanguageSpecificationIdentifier = xcode.lang.swift; };
		0F9C436F1E0CAC73008044B1 /* NormalCell.swift */ = {isa = PBXFileReference; fileEncoding = 4; lastKnownFileType = sourcecode.swift; lineEnding = 0; path = NormalCell.swift; sourceTree = "<group>"; xcLanguageSpecificationIdentifier = xcode.lang.swift; };
		0F9C43781E0CC97C008044B1 /* PopularViewModel.swift */ = {isa = PBXFileReference; fileEncoding = 4; lastKnownFileType = sourcecode.swift; path = PopularViewModel.swift; sourceTree = "<group>"; };
		0FC9B5081E12B89F00C81196 /* AnchorFootReusableView.swift */ = {isa = PBXFileReference; fileEncoding = 4; lastKnownFileType = sourcecode.swift; path = AnchorFootReusableView.swift; sourceTree = "<group>"; };
		0FC9B50A1E13342000C81196 /* ListFootReusableView.swift */ = {isa = PBXFileReference; fileEncoding = 4; lastKnownFileType = sourcecode.swift; path = ListFootReusableView.swift; sourceTree = "<group>"; };
		0FCEF0381E133E2500A0D0DC /* AnchorSignerCell.swift */ = {isa = PBXFileReference; fileEncoding = 4; lastKnownFileType = sourcecode.swift; path = AnchorSignerCell.swift; sourceTree = "<group>"; };
		0FE65A6D1E11532A005BE9F1 /* NowLiveSubCell.swift */ = {isa = PBXFileReference; fileEncoding = 4; lastKnownFileType = sourcecode.swift; path = NowLiveSubCell.swift; sourceTree = "<group>"; };
		0FE65A6F1E11E6DB005BE9F1 /* CategoryViewModel.swift */ = {isa = PBXFileReference; fileEncoding = 4; lastKnownFileType = sourcecode.swift; path = CategoryViewModel.swift; sourceTree = "<group>"; };
		0FE65A711E11E7FF005BE9F1 /* CategoryModel.swift */ = {isa = PBXFileReference; fileEncoding = 4; lastKnownFileType = sourcecode.swift; path = CategoryModel.swift; sourceTree = "<group>"; };
		0FE65A741E11EAEE005BE9F1 /* SectionCategory.swift */ = {isa = PBXFileReference; fileEncoding = 4; lastKnownFileType = sourcecode.swift; path = SectionCategory.swift; sourceTree = "<group>"; };
		0FE65A761E11F18C005BE9F1 /* GroupCategory.swift */ = {isa = PBXFileReference; fileEncoding = 4; lastKnownFileType = sourcecode.swift; path = GroupCategory.swift; sourceTree = "<group>"; };
		0FE65A781E121168005BE9F1 /* CategoryHeadCell.swift */ = {isa = PBXFileReference; fileEncoding = 4; lastKnownFileType = sourcecode.swift; lineEnding = 0; path = CategoryHeadCell.swift; sourceTree = "<group>"; xcLanguageSpecificationIdentifier = xcode.lang.swift; };
		0FE65A7A1E121180005BE9F1 /* CategoryNormalCell.swift */ = {isa = PBXFileReference; fileEncoding = 4; lastKnownFileType = sourcecode.swift; lineEnding = 0; path = CategoryNormalCell.swift; sourceTree = "<group>"; xcLanguageSpecificationIdentifier = xcode.lang.swift; };
		0FE65A7C1E1244B5005BE9F1 /* ListViewModel.swift */ = {isa = PBXFileReference; fileEncoding = 4; lastKnownFileType = sourcecode.swift; path = ListViewModel.swift; sourceTree = "<group>"; };
		0FE65A7E1E1245E5005BE9F1 /* ListModel.swift */ = {isa = PBXFileReference; fileEncoding = 4; lastKnownFileType = sourcecode.swift; path = ListModel.swift; sourceTree = "<group>"; };
		0FE65A801E1247DE005BE9F1 /* ListSubModel.swift */ = {isa = PBXFileReference; fileEncoding = 4; lastKnownFileType = sourcecode.swift; path = ListSubModel.swift; sourceTree = "<group>"; };
		0FE65A821E1249F9005BE9F1 /* ListMainModel.swift */ = {isa = PBXFileReference; fileEncoding = 4; lastKnownFileType = sourcecode.swift; path = ListMainModel.swift; sourceTree = "<group>"; };
		0FE65A841E124E12005BE9F1 /* ListViewCell.swift */ = {isa = PBXFileReference; fileEncoding = 4; lastKnownFileType = sourcecode.swift; lineEnding = 0; path = ListViewCell.swift; sourceTree = "<group>"; xcLanguageSpecificationIdentifier = xcode.lang.swift; };
		7E62DCB6DC101464798D5799 /* Pods-XMLYDemo.release.xcconfig */ = {isa = PBXFileReference; includeInIndex = 1; lastKnownFileType = text.xcconfig; name = "Pods-XMLYDemo.release.xcconfig"; path = "Pods/Target Support Files/Pods-XMLYDemo/Pods-XMLYDemo.release.xcconfig"; sourceTree = "<group>"; };
		9C27513499B18D4CA8630D80 /* Pods_XMLYDemo.framework */ = {isa = PBXFileReference; explicitFileType = wrapper.framework; includeInIndex = 0; path = Pods_XMLYDemo.framework; sourceTree = BUILT_PRODUCTS_DIR; };
		E1277F65D96C1B71980755B3 /* Pods-XMLYDemo.debug.xcconfig */ = {isa = PBXFileReference; includeInIndex = 1; lastKnownFileType = text.xcconfig; name = "Pods-XMLYDemo.debug.xcconfig"; path = "Pods/Target Support Files/Pods-XMLYDemo/Pods-XMLYDemo.debug.xcconfig"; sourceTree = "<group>"; };
/* End PBXFileReference section */

/* Begin PBXFrameworksBuildPhase section */
		0F24BB3A1E0A4A1700DF441A /* Frameworks */ = {
			isa = PBXFrameworksBuildPhase;
			buildActionMask = 2147483647;
			files = (
				D30D925C9558E93C4CEEA520 /* Pods_XMLYDemo.framework in Frameworks */,
			);
			runOnlyForDeploymentPostprocessing = 0;
		};
		0F24BB4E1E0A4A1800DF441A /* Frameworks */ = {
			isa = PBXFrameworksBuildPhase;
			buildActionMask = 2147483647;
			files = (
			);
			runOnlyForDeploymentPostprocessing = 0;
		};
		0F24BB591E0A4A1800DF441A /* Frameworks */ = {
			isa = PBXFrameworksBuildPhase;
			buildActionMask = 2147483647;
			files = (
			);
			runOnlyForDeploymentPostprocessing = 0;
		};
/* End PBXFrameworksBuildPhase section */

/* Begin PBXGroup section */
		0F24BB341E0A4A1700DF441A = {
			isa = PBXGroup;
			children = (
				0F24BB3F1E0A4A1700DF441A /* XMLYDemo */,
				0F24BB541E0A4A1800DF441A /* XMLYDemoTests */,
				0F24BB5F1E0A4A1800DF441A /* XMLYDemoUITests */,
				0F24BB3E1E0A4A1700DF441A /* Products */,
				C9B7134AAFE0DABD4A182DC2 /* Pods */,
				1C3956C28EED9A79767B8410 /* Frameworks */,
			);
			sourceTree = "<group>";
		};
		0F24BB3E1E0A4A1700DF441A /* Products */ = {
			isa = PBXGroup;
			children = (
				0F24BB3D1E0A4A1700DF441A /* XMLYDemo.app */,
				0F24BB511E0A4A1800DF441A /* XMLYDemoTests.xctest */,
				0F24BB5C1E0A4A1800DF441A /* XMLYDemoUITests.xctest */,
			);
			name = Products;
			sourceTree = "<group>";
		};
		0F24BB3F1E0A4A1700DF441A /* XMLYDemo */ = {
			isa = PBXGroup;
			children = (
				0F9C426E1E0A5826008044B1 /* Class */,
				0F24BB401E0A4A1700DF441A /* AppDelegate.swift */,
				0F24BB471E0A4A1700DF441A /* Assets.xcassets */,
				0F24BB491E0A4A1700DF441A /* LaunchScreen.storyboard */,
				0F24BB4C1E0A4A1700DF441A /* Info.plist */,
			);
			path = XMLYDemo;
			sourceTree = "<group>";
		};
		0F24BB541E0A4A1800DF441A /* XMLYDemoTests */ = {
			isa = PBXGroup;
			children = (
				0F24BB551E0A4A1800DF441A /* XMLYDemoTests.swift */,
				0F24BB571E0A4A1800DF441A /* Info.plist */,
			);
			path = XMLYDemoTests;
			sourceTree = "<group>";
		};
		0F24BB5F1E0A4A1800DF441A /* XMLYDemoUITests */ = {
			isa = PBXGroup;
			children = (
				0F24BB601E0A4A1800DF441A /* XMLYDemoUITests.swift */,
				0F24BB621E0A4A1800DF441A /* Info.plist */,
			);
			path = XMLYDemoUITests;
			sourceTree = "<group>";
		};
		0F9C426E1E0A5826008044B1 /* Class */ = {
			isa = PBXGroup;
			children = (
				0F9C42791E0A5826008044B1 /* Main */,
				0F9C42741E0A5826008044B1 /* Home */,
				0F9C42841E0A5826008044B1 /* Subscription */,
				0F9C428A1E0A58A0008044B1 /* Play */,
				0F9C426F1E0A5826008044B1 /* Find */,
				0F9C427E1E0A5826008044B1 /* Me */,
				0F9C42831E0A5826008044B1 /* Other */,
				0F9C42891E0A5826008044B1 /* Tools */,
				0F9C42A11E0A62FA008044B1 /* Category */,
			);
			path = Class;
			sourceTree = "<group>";
		};
		0F9C426F1E0A5826008044B1 /* Find */ = {
			isa = PBXGroup;
			children = (
				0F9C42701E0A5826008044B1 /* Controller */,
				0F9C42711E0A5826008044B1 /* Model */,
				0F9C42721E0A5826008044B1 /* View */,
				0F9C42731E0A5826008044B1 /* ViewModel */,
			);
			path = Find;
			sourceTree = "<group>";
		};
		0F9C42701E0A5826008044B1 /* Controller */ = {
			isa = PBXGroup;
			children = (
				0F9C429D1E0A5D54008044B1 /* FindViewController.swift */,
			);
			path = Controller;
			sourceTree = "<group>";
		};
		0F9C42711E0A5826008044B1 /* Model */ = {
			isa = PBXGroup;
			children = (
			);
			path = Model;
			sourceTree = "<group>";
		};
		0F9C42721E0A5826008044B1 /* View */ = {
			isa = PBXGroup;
			children = (
			);
			path = View;
			sourceTree = "<group>";
		};
		0F9C42731E0A5826008044B1 /* ViewModel */ = {
			isa = PBXGroup;
			children = (
			);
			path = ViewModel;
			sourceTree = "<group>";
		};
		0F9C42741E0A5826008044B1 /* Home */ = {
			isa = PBXGroup;
			children = (
				0F9C42751E0A5826008044B1 /* Controller */,
				0F9C42761E0A5826008044B1 /* Model */,
				0F9C42771E0A5826008044B1 /* View */,
				0F9C42781E0A5826008044B1 /* ViewModel */,
			);
			path = Home;
			sourceTree = "<group>";
		};
		0F9C42751E0A5826008044B1 /* Controller */ = {
			isa = PBXGroup;
			children = (
				0F9C42991E0A5D31008044B1 /* HomeViewController.swift */,
				0F9C43161E0B6067008044B1 /* HomeTitleVM.swift */,
				0F9C43181E0B6088008044B1 /* HomeTitleModel.swift */,
				0F9C42B91E0A7D3B008044B1 /* SubViewController */,
			);
			path = Controller;
			sourceTree = "<group>";
		};
		0F9C42761E0A5826008044B1 /* Model */ = {
			isa = PBXGroup;
			children = (
			);
			path = Model;
			sourceTree = "<group>";
		};
		0F9C42771E0A5826008044B1 /* View */ = {
			isa = PBXGroup;
			children = (
			);
			path = View;
			sourceTree = "<group>";
		};
		0F9C42781E0A5826008044B1 /* ViewModel */ = {
			isa = PBXGroup;
			children = (
			);
			path = ViewModel;
			sourceTree = "<group>";
		};
		0F9C42791E0A5826008044B1 /* Main */ = {
			isa = PBXGroup;
			children = (
				0F9C427A1E0A5826008044B1 /* Controller */,
				0F9C427B1E0A5826008044B1 /* Model */,
				0F9C427C1E0A5826008044B1 /* View */,
				0F9C427D1E0A5826008044B1 /* ViewModel */,
			);
			path = Main;
			sourceTree = "<group>";
		};
		0F9C427A1E0A5826008044B1 /* Controller */ = {
			isa = PBXGroup;
			children = (
				0F9C42911E0A58F5008044B1 /* MainTabBarController.swift */,
				0F9C42971E0A5CB5008044B1 /* MainNavigationController.swift */,
				0F9C42A41E0A6EC1008044B1 /* BaseViewController.swift */,
			);
			path = Controller;
			sourceTree = "<group>";
		};
		0F9C427B1E0A5826008044B1 /* Model */ = {
			isa = PBXGroup;
			children = (
				0F9C42EF1E0ACEA6008044B1 /* BaseModel.swift */,
			);
			path = Model;
			sourceTree = "<group>";
		};
		0F9C427C1E0A5826008044B1 /* View */ = {
			isa = PBXGroup;
			children = (
				0F9C42931E0A5AA7008044B1 /* STTabBar.swift */,
			);
			path = View;
			sourceTree = "<group>";
		};
		0F9C427D1E0A5826008044B1 /* ViewModel */ = {
			isa = PBXGroup;
			children = (
			);
			path = ViewModel;
			sourceTree = "<group>";
		};
		0F9C427E1E0A5826008044B1 /* Me */ = {
			isa = PBXGroup;
			children = (
				0F9C427F1E0A5826008044B1 /* Controller */,
				0F9C42801E0A5826008044B1 /* Model */,
				0F9C42811E0A5826008044B1 /* View */,
				0F9C42821E0A5826008044B1 /* ViewModel */,
			);
			path = Me;
			sourceTree = "<group>";
		};
		0F9C427F1E0A5826008044B1 /* Controller */ = {
			isa = PBXGroup;
			children = (
				0F9C429F1E0A5D64008044B1 /* MeViewController.swift */,
			);
			path = Controller;
			sourceTree = "<group>";
		};
		0F9C42801E0A5826008044B1 /* Model */ = {
			isa = PBXGroup;
			children = (
			);
			path = Model;
			sourceTree = "<group>";
		};
		0F9C42811E0A5826008044B1 /* View */ = {
			isa = PBXGroup;
			children = (
			);
			path = View;
			sourceTree = "<group>";
		};
		0F9C42821E0A5826008044B1 /* ViewModel */ = {
			isa = PBXGroup;
			children = (
			);
			path = ViewModel;
			sourceTree = "<group>";
		};
		0F9C42831E0A5826008044B1 /* Other */ = {
			isa = PBXGroup;
			children = (
				0F9C42951E0A5BB9008044B1 /* Common.swift */,
			);
			path = Other;
			sourceTree = "<group>";
		};
		0F9C42841E0A5826008044B1 /* Subscription */ = {
			isa = PBXGroup;
			children = (
				0F9C42851E0A5826008044B1 /* Controller */,
				0F9C42861E0A5826008044B1 /* Model */,
				0F9C42871E0A5826008044B1 /* View */,
				0F9C42881E0A5826008044B1 /* ViewModel */,
			);
			path = Subscription;
			sourceTree = "<group>";
		};
		0F9C42851E0A5826008044B1 /* Controller */ = {
			isa = PBXGroup;
			children = (
				0F9C429B1E0A5D46008044B1 /* SubscriptionViewController.swift */,
			);
			path = Controller;
			sourceTree = "<group>";
		};
		0F9C42861E0A5826008044B1 /* Model */ = {
			isa = PBXGroup;
			children = (
			);
			path = Model;
			sourceTree = "<group>";
		};
		0F9C42871E0A5826008044B1 /* View */ = {
			isa = PBXGroup;
			children = (
			);
			path = View;
			sourceTree = "<group>";
		};
		0F9C42881E0A5826008044B1 /* ViewModel */ = {
			isa = PBXGroup;
			children = (
			);
			path = ViewModel;
			sourceTree = "<group>";
		};
		0F9C42891E0A5826008044B1 /* Tools */ = {
			isa = PBXGroup;
			children = (
				0F9C42A81E0A7AFE008044B1 /* STPageView */,
				0F9C42C41E0ABB11008044B1 /* NetWorkTools.swift */,
			);
			path = Tools;
			sourceTree = "<group>";
		};
		0F9C428A1E0A58A0008044B1 /* Play */ = {
			isa = PBXGroup;
			children = (
				0F9C428B1E0A58A0008044B1 /* Controller */,
				0F9C428C1E0A58A0008044B1 /* Model */,
				0F9C428D1E0A58A0008044B1 /* View */,
				0F9C428E1E0A58A0008044B1 /* ViewModel */,
			);
			path = Play;
			sourceTree = "<group>";
		};
		0F9C428B1E0A58A0008044B1 /* Controller */ = {
			isa = PBXGroup;
			children = (
			);
			path = Controller;
			sourceTree = "<group>";
		};
		0F9C428C1E0A58A0008044B1 /* Model */ = {
			isa = PBXGroup;
			children = (
			);
			path = Model;
			sourceTree = "<group>";
		};
		0F9C428D1E0A58A0008044B1 /* View */ = {
			isa = PBXGroup;
			children = (
			);
			path = View;
			sourceTree = "<group>";
		};
		0F9C428E1E0A58A0008044B1 /* ViewModel */ = {
			isa = PBXGroup;
			children = (
			);
			path = ViewModel;
			sourceTree = "<group>";
		};
		0F9C42A11E0A62FA008044B1 /* Category */ = {
			isa = PBXGroup;
			children = (
				0F9C42A21E0A631A008044B1 /* STButton.swift */,
				0F9C42A61E0A726E008044B1 /* STSearchButton.swift */,
			);
			path = Category;
			sourceTree = "<group>";
		};
		0F9C42A81E0A7AFE008044B1 /* STPageView */ = {
			isa = PBXGroup;
			children = (
				0F9C42AA1E0A7AFE008044B1 /* STContentFlowLayout.swift */,
				0F9C42AB1E0A7AFE008044B1 /* STContentView.swift */,
				0F9C42AC1E0A7AFE008044B1 /* STPageCollectionView.swift */,
				0F9C42AD1E0A7AFE008044B1 /* STPageView.swift */,
				0F9C42AE1E0A7AFE008044B1 /* STPageViewStyle.swift */,
				0F9C42AF1E0A7AFE008044B1 /* STTitlesView.swift */,
				0F9C42B01E0A7AFE008044B1 /* UIColor-Extension.swift */,
			);
			path = STPageView;
			sourceTree = "<group>";
		};
		0F9C42B91E0A7D3B008044B1 /* SubViewController */ = {
			isa = PBXGroup;
			children = (
				0F9C42DE1E0AC8FC008044B1 /* RecommendViewController */,
				0F9C42D81E0AC8FC008044B1 /* PopularViewController */,
				0F9C42CC1E0AC8FC008044B1 /* CategoryViewController */,
				0F9C42D21E0AC8FC008044B1 /* ListViewController */,
				0F9C42C61E0AC8FC008044B1 /* AnchorViewController */,
			);
			path = SubViewController;
			sourceTree = "<group>";
		};
		0F9C42C61E0AC8FC008044B1 /* AnchorViewController */ = {
			isa = PBXGroup;
			children = (
				0F9C42C71E0AC8FC008044B1 /* Controller */,
				0F9C42C91E0AC8FC008044B1 /* Model */,
				0F9C42CA1E0AC8FC008044B1 /* View */,
				0F9C42CB1E0AC8FC008044B1 /* ViewModel */,
			);
			path = AnchorViewController;
			sourceTree = "<group>";
		};
		0F9C42C71E0AC8FC008044B1 /* Controller */ = {
			isa = PBXGroup;
			children = (
				0F9C42C81E0AC8FC008044B1 /* AnchorViewController.swift */,
			);
			path = Controller;
			sourceTree = "<group>";
		};
		0F9C42C91E0AC8FC008044B1 /* Model */ = {
			isa = PBXGroup;
			children = (
				0F0DBABB1E12A78900F00D6C /* AnchorSectionModel.swift */,
				0F0DBABD1E12AC7A00F00D6C /* AnchorSectionList.swift */,
			);
			path = Model;
			sourceTree = "<group>";
		};
		0F9C42CA1E0AC8FC008044B1 /* View */ = {
			isa = PBXGroup;
			children = (
				0F0DBAC11E12B2B900F00D6C /* AnchorNormalCell.swift */,
				0FCEF0381E133E2500A0D0DC /* AnchorSignerCell.swift */,
				0FC9B5081E12B89F00C81196 /* AnchorFootReusableView.swift */,
			);
			path = View;
			sourceTree = "<group>";
		};
		0F9C42CB1E0AC8FC008044B1 /* ViewModel */ = {
			isa = PBXGroup;
			children = (
				0F0DBABF1E12ADA000F00D6C /* AnchorViewModel.swift */,
			);
			path = ViewModel;
			sourceTree = "<group>";
		};
		0F9C42CC1E0AC8FC008044B1 /* CategoryViewController */ = {
			isa = PBXGroup;
			children = (
				0F9C42CD1E0AC8FC008044B1 /* Controller */,
				0F9C42CF1E0AC8FC008044B1 /* Model */,
				0F9C42D01E0AC8FC008044B1 /* View */,
				0F9C42D11E0AC8FC008044B1 /* ViewModel */,
			);
			path = CategoryViewController;
			sourceTree = "<group>";
		};
		0F9C42CD1E0AC8FC008044B1 /* Controller */ = {
			isa = PBXGroup;
			children = (
				0F9C42CE1E0AC8FC008044B1 /* CategoryViewController.swift */,
			);
			path = Controller;
			sourceTree = "<group>";
		};
		0F9C42CF1E0AC8FC008044B1 /* Model */ = {
			isa = PBXGroup;
			children = (
				0FE65A711E11E7FF005BE9F1 /* CategoryModel.swift */,
				0FE65A761E11F18C005BE9F1 /* GroupCategory.swift */,
				0FE65A741E11EAEE005BE9F1 /* SectionCategory.swift */,
			);
			path = Model;
			sourceTree = "<group>";
		};
		0F9C42D01E0AC8FC008044B1 /* View */ = {
			isa = PBXGroup;
			children = (
				0FE65A781E121168005BE9F1 /* CategoryHeadCell.swift */,
				0FE65A7A1E121180005BE9F1 /* CategoryNormalCell.swift */,
			);
			path = View;
			sourceTree = "<group>";
		};
		0F9C42D11E0AC8FC008044B1 /* ViewModel */ = {
			isa = PBXGroup;
			children = (
				0FE65A6F1E11E6DB005BE9F1 /* CategoryViewModel.swift */,
			);
			path = ViewModel;
			sourceTree = "<group>";
		};
		0F9C42D21E0AC8FC008044B1 /* ListViewController */ = {
			isa = PBXGroup;
			children = (
				0F9C42D31E0AC8FC008044B1 /* Controller */,
				0F9C42D51E0AC8FC008044B1 /* Model */,
				0F9C42D61E0AC8FC008044B1 /* View */,
				0F9C42D71E0AC8FC008044B1 /* ViewModel */,
			);
			path = ListViewController;
			sourceTree = "<group>";
		};
		0F9C42D31E0AC8FC008044B1 /* Controller */ = {
			isa = PBXGroup;
			children = (
				0F9C42D41E0AC8FC008044B1 /* ListViewController.swift */,
			);
			path = Controller;
			sourceTree = "<group>";
		};
		0F9C42D51E0AC8FC008044B1 /* Model */ = {
			isa = PBXGroup;
			children = (
				0F0DBAB51E12617300F00D6C /* FocusModel.swift */,
				0FE65A821E1249F9005BE9F1 /* ListMainModel.swift */,
				0FE65A7E1E1245E5005BE9F1 /* ListModel.swift */,
				0FE65A801E1247DE005BE9F1 /* ListSubModel.swift */,
			);
			path = Model;
			sourceTree = "<group>";
		};
		0F9C42D61E0AC8FC008044B1 /* View */ = {
			isa = PBXGroup;
			children = (
				0FE65A841E124E12005BE9F1 /* ListViewCell.swift */,
				0F0DBAB71E12638400F00D6C /* FocusView.swift */,
				0F0DBAB91E126D5700F00D6C /* ListHeadReusableView.swift */,
				0FC9B50A1E13342000C81196 /* ListFootReusableView.swift */,
			);
			path = View;
			sourceTree = "<group>";
		};
		0F9C42D71E0AC8FC008044B1 /* ViewModel */ = {
			isa = PBXGroup;
			children = (
				0FE65A7C1E1244B5005BE9F1 /* ListViewModel.swift */,
			);
			path = ViewModel;
			sourceTree = "<group>";
		};
		0F9C42D81E0AC8FC008044B1 /* PopularViewController */ = {
			isa = PBXGroup;
			children = (
				0F9C42D91E0AC8FC008044B1 /* Controller */,
				0F9C42DB1E0AC8FC008044B1 /* Model */,
				0F9C42DC1E0AC8FC008044B1 /* View */,
				0F9C42DD1E0AC8FC008044B1 /* ViewModel */,
			);
			path = PopularViewController;
			sourceTree = "<group>";
		};
		0F9C42D91E0AC8FC008044B1 /* Controller */ = {
			isa = PBXGroup;
			children = (
				0F9C42DA1E0AC8FC008044B1 /* PopularViewController.swift */,
			);
			path = Controller;
			sourceTree = "<group>";
		};
		0F9C42DB1E0AC8FC008044B1 /* Model */ = {
			isa = PBXGroup;
			children = (
				0F7A7DF91E10994D00D6B0FC /* HotMainModel.swift */,
				0F7A7DFB1E10998B00D6B0FC /* HotSubModel.swift */,
				0F9C43011E0B537B008044B1 /* CityColumnItem.swift */,
				0F9C43021E0B537B008044B1 /* CityColumnModel.swift */,
				0F9C43031E0B537B008044B1 /* DiscoveryColumnsItem.swift */,
				0F9C43041E0B537B008044B1 /* DiscoveryColumnsModel.swift */,
				0F9C43051E0B537B008044B1 /* GuessItem.swift */,
				0F9C43061E0B537B008044B1 /* GuessModel.swift */,
				0F9C43071E0B537B008044B1 /* HotRecommendsItem.swift */,
				0F9C43081E0B537B008044B1 /* HotRecommendsModel.swift */,
				0F9C43091E0B537B008044B1 /* HotRecommendsSubItem.swift */,
				0F9C431A1E0B72C9008044B1 /* FocusImagesModel.swift */,
				0F9C431C1E0B72ED008044B1 /* FocusImagesItem.swift */,
				0F9C431E1E0B744A008044B1 /* EditorRecommendAlbumsModel.swift */,
				0F9C43201E0B745A008044B1 /* EditorRecommendAlbumsItem.swift */,
				0F9C43221E0B7753008044B1 /* SpecialColumnModel.swift */,
				0F9C43241E0B7767008044B1 /* SpecialColumnItem.swift */,
			);
			path = Model;
			sourceTree = "<group>";
		};
		0F9C42DC1E0AC8FC008044B1 /* View */ = {
			isa = PBXGroup;
			children = (
				0F9C43261E0B7B8F008044B1 /* RotationMapView.swift */,
				0F9C43281E0B7EC6008044B1 /* RotationMapCollectionViewCell.swift */,
				0F9C432A1E0BA07C008044B1 /* RecommendView.swift */,
				0F9C432C1E0BA2FF008044B1 /* RecommendViewCell.swift */,
				0F9C43681E0BC415008044B1 /* PopularReusableView.swift */,
				0F9C436D1E0BD9F6008044B1 /* GuessYouLikeCell.swift */,
				0F9C436F1E0CAC73008044B1 /* NormalCell.swift */,
				0F7A7E001E10CAB400D6B0FC /* FineListenCell.swift */,
				0F7A7DF71E10931F00D6B0FC /* PromotionCell.swift */,
				0F7A7DFE1E10C6D100D6B0FC /* NowLiveCell.swift */,
				0FE65A6D1E11532A005BE9F1 /* NowLiveSubCell.swift */,
			);
			path = View;
			sourceTree = "<group>";
		};
		0F9C42DD1E0AC8FC008044B1 /* ViewModel */ = {
			isa = PBXGroup;
			children = (
				0F9C43781E0CC97C008044B1 /* PopularViewModel.swift */,
			);
			path = ViewModel;
			sourceTree = "<group>";
		};
		0F9C42DE1E0AC8FC008044B1 /* RecommendViewController */ = {
			isa = PBXGroup;
			children = (
				0F9C42DF1E0AC8FC008044B1 /* Controller */,
				0F9C42E11E0AC8FC008044B1 /* Model */,
				0F9C42E21E0AC8FC008044B1 /* View */,
				0F9C42E31E0AC8FC008044B1 /* ViewModel */,
			);
			path = RecommendViewController;
			sourceTree = "<group>";
		};
		0F9C42DF1E0AC8FC008044B1 /* Controller */ = {
			isa = PBXGroup;
			children = (
				0F9C42E01E0AC8FC008044B1 /* RecommendViewController.swift */,
			);
			path = Controller;
			sourceTree = "<group>";
		};
		0F9C42E11E0AC8FC008044B1 /* Model */ = {
			isa = PBXGroup;
			children = (
			);
			path = Model;
			sourceTree = "<group>";
		};
		0F9C42E21E0AC8FC008044B1 /* View */ = {
			isa = PBXGroup;
			children = (
			);
			path = View;
			sourceTree = "<group>";
		};
		0F9C42E31E0AC8FC008044B1 /* ViewModel */ = {
			isa = PBXGroup;
			children = (
				0F9C43141E0B5FFA008044B1 /* RecommendVM.swift */,
			);
			path = ViewModel;
			sourceTree = "<group>";
		};
		1C3956C28EED9A79767B8410 /* Frameworks */ = {
			isa = PBXGroup;
			children = (
				9C27513499B18D4CA8630D80 /* Pods_XMLYDemo.framework */,
			);
			name = Frameworks;
			sourceTree = "<group>";
		};
		C9B7134AAFE0DABD4A182DC2 /* Pods */ = {
			isa = PBXGroup;
			children = (
				E1277F65D96C1B71980755B3 /* Pods-XMLYDemo.debug.xcconfig */,
				7E62DCB6DC101464798D5799 /* Pods-XMLYDemo.release.xcconfig */,
			);
			name = Pods;
			sourceTree = "<group>";
		};
/* End PBXGroup section */

/* Begin PBXNativeTarget section */
		0F24BB3C1E0A4A1700DF441A /* XMLYDemo */ = {
			isa = PBXNativeTarget;
			buildConfigurationList = 0F24BB651E0A4A1800DF441A /* Build configuration list for PBXNativeTarget "XMLYDemo" */;
			buildPhases = (
				C2C6234EE894C80B33386167 /* [CP] Check Pods Manifest.lock */,
				0F24BB391E0A4A1700DF441A /* Sources */,
				0F24BB3A1E0A4A1700DF441A /* Frameworks */,
				0F24BB3B1E0A4A1700DF441A /* Resources */,
				C2BECEE86A2AE18C97BDEF3A /* [CP] Embed Pods Frameworks */,
				10A001A30D89765EEFB64DE2 /* [CP] Copy Pods Resources */,
			);
			buildRules = (
			);
			dependencies = (
			);
			name = XMLYDemo;
			productName = XMLYDemo;
			productReference = 0F24BB3D1E0A4A1700DF441A /* XMLYDemo.app */;
			productType = "com.apple.product-type.application";
		};
		0F24BB501E0A4A1800DF441A /* XMLYDemoTests */ = {
			isa = PBXNativeTarget;
			buildConfigurationList = 0F24BB681E0A4A1800DF441A /* Build configuration list for PBXNativeTarget "XMLYDemoTests" */;
			buildPhases = (
				0F24BB4D1E0A4A1800DF441A /* Sources */,
				0F24BB4E1E0A4A1800DF441A /* Frameworks */,
				0F24BB4F1E0A4A1800DF441A /* Resources */,
			);
			buildRules = (
			);
			dependencies = (
				0F24BB531E0A4A1800DF441A /* PBXTargetDependency */,
			);
			name = XMLYDemoTests;
			productName = XMLYDemoTests;
			productReference = 0F24BB511E0A4A1800DF441A /* XMLYDemoTests.xctest */;
			productType = "com.apple.product-type.bundle.unit-test";
		};
		0F24BB5B1E0A4A1800DF441A /* XMLYDemoUITests */ = {
			isa = PBXNativeTarget;
			buildConfigurationList = 0F24BB6B1E0A4A1800DF441A /* Build configuration list for PBXNativeTarget "XMLYDemoUITests" */;
			buildPhases = (
				0F24BB581E0A4A1800DF441A /* Sources */,
				0F24BB591E0A4A1800DF441A /* Frameworks */,
				0F24BB5A1E0A4A1800DF441A /* Resources */,
			);
			buildRules = (
			);
			dependencies = (
				0F24BB5E1E0A4A1800DF441A /* PBXTargetDependency */,
			);
			name = XMLYDemoUITests;
			productName = XMLYDemoUITests;
			productReference = 0F24BB5C1E0A4A1800DF441A /* XMLYDemoUITests.xctest */;
			productType = "com.apple.product-type.bundle.ui-testing";
		};
/* End PBXNativeTarget section */

/* Begin PBXProject section */
		0F24BB351E0A4A1700DF441A /* Project object */ = {
			isa = PBXProject;
			attributes = {
				LastSwiftUpdateCheck = 0730;
				LastUpgradeCheck = 0820;
				ORGANIZATIONNAME = CoderST;
				TargetAttributes = {
					0F24BB3C1E0A4A1700DF441A = {
						CreatedOnToolsVersion = 7.3;
						LastSwiftMigration = 0820;
					};
					0F24BB501E0A4A1800DF441A = {
						CreatedOnToolsVersion = 7.3;
						LastSwiftMigration = 0820;
						TestTargetID = 0F24BB3C1E0A4A1700DF441A;
					};
					0F24BB5B1E0A4A1800DF441A = {
						CreatedOnToolsVersion = 7.3;
						LastSwiftMigration = 0820;
						TestTargetID = 0F24BB3C1E0A4A1700DF441A;
					};
				};
			};
			buildConfigurationList = 0F24BB381E0A4A1700DF441A /* Build configuration list for PBXProject "XMLYDemo" */;
			compatibilityVersion = "Xcode 3.2";
			developmentRegion = English;
			hasScannedForEncodings = 0;
			knownRegions = (
				en,
				Base,
			);
			mainGroup = 0F24BB341E0A4A1700DF441A;
			productRefGroup = 0F24BB3E1E0A4A1700DF441A /* Products */;
			projectDirPath = "";
			projectRoot = "";
			targets = (
				0F24BB3C1E0A4A1700DF441A /* XMLYDemo */,
				0F24BB501E0A4A1800DF441A /* XMLYDemoTests */,
				0F24BB5B1E0A4A1800DF441A /* XMLYDemoUITests */,
			);
		};
/* End PBXProject section */

/* Begin PBXResourcesBuildPhase section */
		0F24BB3B1E0A4A1700DF441A /* Resources */ = {
			isa = PBXResourcesBuildPhase;
			buildActionMask = 2147483647;
			files = (
				0F24BB4B1E0A4A1700DF441A /* LaunchScreen.storyboard in Resources */,
				0F24BB481E0A4A1700DF441A /* Assets.xcassets in Resources */,
			);
			runOnlyForDeploymentPostprocessing = 0;
		};
		0F24BB4F1E0A4A1800DF441A /* Resources */ = {
			isa = PBXResourcesBuildPhase;
			buildActionMask = 2147483647;
			files = (
			);
			runOnlyForDeploymentPostprocessing = 0;
		};
		0F24BB5A1E0A4A1800DF441A /* Resources */ = {
			isa = PBXResourcesBuildPhase;
			buildActionMask = 2147483647;
			files = (
			);
			runOnlyForDeploymentPostprocessing = 0;
		};
/* End PBXResourcesBuildPhase section */

/* Begin PBXShellScriptBuildPhase section */
		10A001A30D89765EEFB64DE2 /* [CP] Copy Pods Resources */ = {
			isa = PBXShellScriptBuildPhase;
			buildActionMask = 2147483647;
			files = (
			);
			inputPaths = (
			);
			name = "[CP] Copy Pods Resources";
			outputPaths = (
			);
			runOnlyForDeploymentPostprocessing = 0;
			shellPath = /bin/sh;
			shellScript = "\"${SRCROOT}/Pods/Target Support Files/Pods-XMLYDemo/Pods-XMLYDemo-resources.sh\"\n";
			showEnvVarsInLog = 0;
		};
		C2BECEE86A2AE18C97BDEF3A /* [CP] Embed Pods Frameworks */ = {
			isa = PBXShellScriptBuildPhase;
			buildActionMask = 2147483647;
			files = (
			);
			inputPaths = (
			);
			name = "[CP] Embed Pods Frameworks";
			outputPaths = (
			);
			runOnlyForDeploymentPostprocessing = 0;
			shellPath = /bin/sh;
			shellScript = "\"${SRCROOT}/Pods/Target Support Files/Pods-XMLYDemo/Pods-XMLYDemo-frameworks.sh\"\n";
			showEnvVarsInLog = 0;
		};
		C2C6234EE894C80B33386167 /* [CP] Check Pods Manifest.lock */ = {
			isa = PBXShellScriptBuildPhase;
			buildActionMask = 2147483647;
			files = (
			);
			inputPaths = (
			);
			name = "[CP] Check Pods Manifest.lock";
			outputPaths = (
			);
			runOnlyForDeploymentPostprocessing = 0;
			shellPath = /bin/sh;
			shellScript = "diff \"${PODS_ROOT}/../Podfile.lock\" \"${PODS_ROOT}/Manifest.lock\" > /dev/null\nif [ $? != 0 ] ; then\n    # print error to STDERR\n    echo \"error: The sandbox is not in sync with the Podfile.lock. Run 'pod install' or update your CocoaPods installation.\" >&2\n    exit 1\nfi\n";
			showEnvVarsInLog = 0;
		};
/* End PBXShellScriptBuildPhase section */

/* Begin PBXSourcesBuildPhase section */
		0F24BB391E0A4A1700DF441A /* Sources */ = {
			isa = PBXSourcesBuildPhase;
			buildActionMask = 2147483647;
			files = (
				0FE65A831E1249F9005BE9F1 /* ListMainModel.swift in Sources */,
				0F0DBABC1E12A78900F00D6C /* AnchorSectionModel.swift in Sources */,
				0F7A7DFF1E10C6D100D6B0FC /* NowLiveCell.swift in Sources */,
				0F9C431B1E0B72C9008044B1 /* FocusImagesModel.swift in Sources */,
				0F9C43211E0B745A008044B1 /* EditorRecommendAlbumsItem.swift in Sources */,
				0F9C430E1E0B537B008044B1 /* GuessItem.swift in Sources */,
				0F9C42E71E0AC8FC008044B1 /* PopularViewController.swift in Sources */,
				0F9C42B41E0A7AFE008044B1 /* STPageCollectionView.swift in Sources */,
				0F0DBAC01E12ADA000F00D6C /* AnchorViewModel.swift in Sources */,
				0F9C431F1E0B744A008044B1 /* EditorRecommendAlbumsModel.swift in Sources */,
				0FE65A791E121168005BE9F1 /* CategoryHeadCell.swift in Sources */,
				0F9C432D1E0BA2FF008044B1 /* RecommendViewCell.swift in Sources */,
				0FE65A7F1E1245E5005BE9F1 /* ListModel.swift in Sources */,
				0F9C42B81E0A7AFE008044B1 /* UIColor-Extension.swift in Sources */,
				0F9C42B51E0A7AFE008044B1 /* STPageView.swift in Sources */,
				0F9C42B21E0A7AFE008044B1 /* STContentFlowLayout.swift in Sources */,
				0F9C430F1E0B537B008044B1 /* GuessModel.swift in Sources */,
				0F9C430C1E0B537B008044B1 /* DiscoveryColumnsItem.swift in Sources */,
				0FE65A851E124E12005BE9F1 /* ListViewCell.swift in Sources */,
				0FE65A771E11F18C005BE9F1 /* GroupCategory.swift in Sources */,
				0FE65A721E11E7FF005BE9F1 /* CategoryModel.swift in Sources */,
				0F9C43151E0B5FFA008044B1 /* RecommendVM.swift in Sources */,
				0F9C43291E0B7EC6008044B1 /* RotationMapCollectionViewCell.swift in Sources */,
				0F9C42C51E0ABB11008044B1 /* NetWorkTools.swift in Sources */,
				0F9C42A01E0A5D64008044B1 /* MeViewController.swift in Sources */,
				0F0DBABE1E12AC7A00F00D6C /* AnchorSectionList.swift in Sources */,
				0FE65A811E1247DE005BE9F1 /* ListSubModel.swift in Sources */,
				0F9C436E1E0BD9F6008044B1 /* GuessYouLikeCell.swift in Sources */,
				0F9C42E41E0AC8FC008044B1 /* AnchorViewController.swift in Sources */,
				0F9C42981E0A5CB5008044B1 /* MainNavigationController.swift in Sources */,
				0F9C42A51E0A6EC1008044B1 /* BaseViewController.swift in Sources */,
				0FE65A6E1E11532A005BE9F1 /* NowLiveSubCell.swift in Sources */,
				0F9C42B61E0A7AFE008044B1 /* STPageViewStyle.swift in Sources */,
				0FE65A7B1E121180005BE9F1 /* CategoryNormalCell.swift in Sources */,
				0F9C432B1E0BA07C008044B1 /* RecommendView.swift in Sources */,
				0F7A7DFA1E10994D00D6B0FC /* HotMainModel.swift in Sources */,
				0F9C43251E0B7767008044B1 /* SpecialColumnItem.swift in Sources */,
				0F0DBAC21E12B2B900F00D6C /* AnchorNormalCell.swift in Sources */,
				0F9C42B31E0A7AFE008044B1 /* STContentView.swift in Sources */,
				0F9C43271E0B7B8F008044B1 /* RotationMapView.swift in Sources */,
				0FC9B5091E12B89F00C81196 /* AnchorFootReusableView.swift in Sources */,
				0F9C43171E0B6067008044B1 /* HomeTitleVM.swift in Sources */,
				0F9C429C1E0A5D46008044B1 /* SubscriptionViewController.swift in Sources */,
				0F9C43701E0CAC73008044B1 /* NormalCell.swift in Sources */,
				0FE65A7D1E1244B5005BE9F1 /* ListViewModel.swift in Sources */,
				0F9C43691E0BC415008044B1 /* PopularReusableView.swift in Sources */,
				0F9C43101E0B537B008044B1 /* HotRecommendsItem.swift in Sources */,
				0FE65A751E11EAEE005BE9F1 /* SectionCategory.swift in Sources */,
				0F9C42A71E0A726E008044B1 /* STSearchButton.swift in Sources */,
				0F9C430D1E0B537B008044B1 /* DiscoveryColumnsModel.swift in Sources */,
				0F9C42961E0A5BB9008044B1 /* Common.swift in Sources */,
				0FE65A701E11E6DB005BE9F1 /* CategoryViewModel.swift in Sources */,
				0F9C43791E0CC97C008044B1 /* PopularViewModel.swift in Sources */,
				0F9C43111E0B537B008044B1 /* HotRecommendsModel.swift in Sources */,
				0F9C42F01E0ACEA6008044B1 /* BaseModel.swift in Sources */,
				0F9C430A1E0B537B008044B1 /* CityColumnItem.swift in Sources */,
				0F9C430B1E0B537B008044B1 /* CityColumnModel.swift in Sources */,
				0F9C42B71E0A7AFE008044B1 /* STTitlesView.swift in Sources */,
				0F9C43191E0B6088008044B1 /* HomeTitleModel.swift in Sources */,
				0F9C42E61E0AC8FC008044B1 /* ListViewController.swift in Sources */,
				0F0DBABA1E126D5700F00D6C /* ListHeadReusableView.swift in Sources */,
				0F9C431D1E0B72ED008044B1 /* FocusImagesItem.swift in Sources */,
				0F9C429E1E0A5D54008044B1 /* FindViewController.swift in Sources */,
				0F9C42941E0A5AA7008044B1 /* STTabBar.swift in Sources */,
				0F0DBAB81E12638400F00D6C /* FocusView.swift in Sources */,
				0F9C42A31E0A631A008044B1 /* STButton.swift in Sources */,
				0FCEF0391E133E2500A0D0DC /* AnchorSignerCell.swift in Sources */,
				0F7A7DF81E10931F00D6B0FC /* PromotionCell.swift in Sources */,
				0F7A7DFC1E10998B00D6B0FC /* HotSubModel.swift in Sources */,
				0F9C42921E0A58F5008044B1 /* MainTabBarController.swift in Sources */,
				0F24BB411E0A4A1700DF441A /* AppDelegate.swift in Sources */,
				0F9C42E51E0AC8FC008044B1 /* CategoryViewController.swift in Sources */,
				0FC9B50B1E13342100C81196 /* ListFootReusableView.swift in Sources */,
				0F9C429A1E0A5D31008044B1 /* HomeViewController.swift in Sources */,
				0F9C43121E0B537B008044B1 /* HotRecommendsSubItem.swift in Sources */,
				0F7A7E011E10CAB400D6B0FC /* FineListenCell.swift in Sources */,
				0F9C42E81E0AC8FC008044B1 /* RecommendViewController.swift in Sources */,
				0F0DBAB61E12617300F00D6C /* FocusModel.swift in Sources */,
				0F9C43231E0B7753008044B1 /* SpecialColumnModel.swift in Sources */,
			);
			runOnlyForDeploymentPostprocessing = 0;
		};
		0F24BB4D1E0A4A1800DF441A /* Sources */ = {
			isa = PBXSourcesBuildPhase;
			buildActionMask = 2147483647;
			files = (
				0F24BB561E0A4A1800DF441A /* XMLYDemoTests.swift in Sources */,
			);
			runOnlyForDeploymentPostprocessing = 0;
		};
		0F24BB581E0A4A1800DF441A /* Sources */ = {
			isa = PBXSourcesBuildPhase;
			buildActionMask = 2147483647;
			files = (
				0F24BB611E0A4A1800DF441A /* XMLYDemoUITests.swift in Sources */,
			);
			runOnlyForDeploymentPostprocessing = 0;
		};
/* End PBXSourcesBuildPhase section */

/* Begin PBXTargetDependency section */
		0F24BB531E0A4A1800DF441A /* PBXTargetDependency */ = {
			isa = PBXTargetDependency;
			target = 0F24BB3C1E0A4A1700DF441A /* XMLYDemo */;
			targetProxy = 0F24BB521E0A4A1800DF441A /* PBXContainerItemProxy */;
		};
		0F24BB5E1E0A4A1800DF441A /* PBXTargetDependency */ = {
			isa = PBXTargetDependency;
			target = 0F24BB3C1E0A4A1700DF441A /* XMLYDemo */;
			targetProxy = 0F24BB5D1E0A4A1800DF441A /* PBXContainerItemProxy */;
		};
/* End PBXTargetDependency section */

/* Begin PBXVariantGroup section */
		0F24BB491E0A4A1700DF441A /* LaunchScreen.storyboard */ = {
			isa = PBXVariantGroup;
			children = (
				0F24BB4A1E0A4A1700DF441A /* Base */,
			);
			name = LaunchScreen.storyboard;
			sourceTree = "<group>";
		};
/* End PBXVariantGroup section */

/* Begin XCBuildConfiguration section */
		0F24BB631E0A4A1800DF441A /* Debug */ = {
			isa = XCBuildConfiguration;
			buildSettings = {
				ALWAYS_SEARCH_USER_PATHS = NO;
				CLANG_ANALYZER_NONNULL = YES;
				CLANG_CXX_LANGUAGE_STANDARD = "gnu++0x";
				CLANG_CXX_LIBRARY = "libc++";
				CLANG_ENABLE_MODULES = YES;
				CLANG_ENABLE_OBJC_ARC = YES;
				CLANG_WARN_BOOL_CONVERSION = YES;
				CLANG_WARN_CONSTANT_CONVERSION = YES;
				CLANG_WARN_DIRECT_OBJC_ISA_USAGE = YES_ERROR;
				CLANG_WARN_EMPTY_BODY = YES;
				CLANG_WARN_ENUM_CONVERSION = YES;
				CLANG_WARN_INFINITE_RECURSION = YES;
				CLANG_WARN_INT_CONVERSION = YES;
				CLANG_WARN_OBJC_ROOT_CLASS = YES_ERROR;
				CLANG_WARN_SUSPICIOUS_MOVE = YES;
				CLANG_WARN_UNREACHABLE_CODE = YES;
				CLANG_WARN__DUPLICATE_METHOD_MATCH = YES;
				"CODE_SIGN_IDENTITY[sdk=iphoneos*]" = "iPhone Developer";
				COPY_PHASE_STRIP = NO;
				DEBUG_INFORMATION_FORMAT = dwarf;
				ENABLE_STRICT_OBJC_MSGSEND = YES;
				ENABLE_TESTABILITY = YES;
				GCC_C_LANGUAGE_STANDARD = gnu99;
				GCC_DYNAMIC_NO_PIC = NO;
				GCC_NO_COMMON_BLOCKS = YES;
				GCC_OPTIMIZATION_LEVEL = 0;
				GCC_PREPROCESSOR_DEFINITIONS = (
					"DEBUG=1",
					"$(inherited)",
				);
				GCC_WARN_64_TO_32_BIT_CONVERSION = YES;
				GCC_WARN_ABOUT_RETURN_TYPE = YES_ERROR;
				GCC_WARN_UNDECLARED_SELECTOR = YES;
				GCC_WARN_UNINITIALIZED_AUTOS = YES_AGGRESSIVE;
				GCC_WARN_UNUSED_FUNCTION = YES;
				GCC_WARN_UNUSED_VARIABLE = YES;
				IPHONEOS_DEPLOYMENT_TARGET = 9.3;
				MTL_ENABLE_DEBUG_INFO = YES;
				ONLY_ACTIVE_ARCH = YES;
				SDKROOT = iphoneos;
				SWIFT_OPTIMIZATION_LEVEL = "-Onone";
				TARGETED_DEVICE_FAMILY = "1,2";
			};
			name = Debug;
		};
		0F24BB641E0A4A1800DF441A /* Release */ = {
			isa = XCBuildConfiguration;
			buildSettings = {
				ALWAYS_SEARCH_USER_PATHS = NO;
				CLANG_ANALYZER_NONNULL = YES;
				CLANG_CXX_LANGUAGE_STANDARD = "gnu++0x";
				CLANG_CXX_LIBRARY = "libc++";
				CLANG_ENABLE_MODULES = YES;
				CLANG_ENABLE_OBJC_ARC = YES;
				CLANG_WARN_BOOL_CONVERSION = YES;
				CLANG_WARN_CONSTANT_CONVERSION = YES;
				CLANG_WARN_DIRECT_OBJC_ISA_USAGE = YES_ERROR;
				CLANG_WARN_EMPTY_BODY = YES;
				CLANG_WARN_ENUM_CONVERSION = YES;
				CLANG_WARN_INFINITE_RECURSION = YES;
				CLANG_WARN_INT_CONVERSION = YES;
				CLANG_WARN_OBJC_ROOT_CLASS = YES_ERROR;
				CLANG_WARN_SUSPICIOUS_MOVE = YES;
				CLANG_WARN_UNREACHABLE_CODE = YES;
				CLANG_WARN__DUPLICATE_METHOD_MATCH = YES;
				"CODE_SIGN_IDENTITY[sdk=iphoneos*]" = "iPhone Developer";
				COPY_PHASE_STRIP = NO;
				DEBUG_INFORMATION_FORMAT = "dwarf-with-dsym";
				ENABLE_NS_ASSERTIONS = NO;
				ENABLE_STRICT_OBJC_MSGSEND = YES;
				GCC_C_LANGUAGE_STANDARD = gnu99;
				GCC_NO_COMMON_BLOCKS = YES;
				GCC_WARN_64_TO_32_BIT_CONVERSION = YES;
				GCC_WARN_ABOUT_RETURN_TYPE = YES_ERROR;
				GCC_WARN_UNDECLARED_SELECTOR = YES;
				GCC_WARN_UNINITIALIZED_AUTOS = YES_AGGRESSIVE;
				GCC_WARN_UNUSED_FUNCTION = YES;
				GCC_WARN_UNUSED_VARIABLE = YES;
				IPHONEOS_DEPLOYMENT_TARGET = 9.3;
				MTL_ENABLE_DEBUG_INFO = NO;
				SDKROOT = iphoneos;
				SWIFT_OPTIMIZATION_LEVEL = "-Owholemodule";
				TARGETED_DEVICE_FAMILY = "1,2";
				VALIDATE_PRODUCT = YES;
			};
			name = Release;
		};
		0F24BB661E0A4A1800DF441A /* Debug */ = {
			isa = XCBuildConfiguration;
			baseConfigurationReference = E1277F65D96C1B71980755B3 /* Pods-XMLYDemo.debug.xcconfig */;
			buildSettings = {
				ALWAYS_EMBED_SWIFT_STANDARD_LIBRARIES = YES;
				ASSETCATALOG_COMPILER_APPICON_NAME = AppIcon;
				INFOPLIST_FILE = XMLYDemo/Info.plist;
				IPHONEOS_DEPLOYMENT_TARGET = 8.0;
				LD_RUNPATH_SEARCH_PATHS = "$(inherited) @executable_path/Frameworks";
				PRODUCT_BUNDLE_IDENTIFIER = com.xiudou.xiudouiOS;
				PRODUCT_NAME = "$(TARGET_NAME)";
				PROVISIONING_PROFILE = "a71647a9-a26d-4964-b1f8-11dc204d273f";
				SWIFT_VERSION = 3.0;
			};
			name = Debug;
		};
		0F24BB671E0A4A1800DF441A /* Release */ = {
			isa = XCBuildConfiguration;
			baseConfigurationReference = 7E62DCB6DC101464798D5799 /* Pods-XMLYDemo.release.xcconfig */;
			buildSettings = {
				ALWAYS_EMBED_SWIFT_STANDARD_LIBRARIES = YES;
				ASSETCATALOG_COMPILER_APPICON_NAME = AppIcon;
				INFOPLIST_FILE = XMLYDemo/Info.plist;
				IPHONEOS_DEPLOYMENT_TARGET = 8.0;
				LD_RUNPATH_SEARCH_PATHS = "$(inherited) @executable_path/Frameworks";
				PRODUCT_BUNDLE_IDENTIFIER = com.xiudou.xiudouiOS;
				PRODUCT_NAME = "$(TARGET_NAME)";
				PROVISIONING_PROFILE = "a71647a9-a26d-4964-b1f8-11dc204d273f";
				SWIFT_VERSION = 3.0;
			};
			name = Release;
		};
		0F24BB691E0A4A1800DF441A /* Debug */ = {
			isa = XCBuildConfiguration;
			buildSettings = {
				BUNDLE_LOADER = "$(TEST_HOST)";
				INFOPLIST_FILE = XMLYDemoTests/Info.plist;
				LD_RUNPATH_SEARCH_PATHS = "$(inherited) @executable_path/Frameworks @loader_path/Frameworks";
				PRODUCT_BUNDLE_IDENTIFIER = com.xiudou.XMLYDemoTests;
				PRODUCT_NAME = "$(TARGET_NAME)";
				SWIFT_VERSION = 3.0;
				TEST_HOST = "$(BUILT_PRODUCTS_DIR)/XMLYDemo.app/XMLYDemo";
			};
			name = Debug;
		};
		0F24BB6A1E0A4A1800DF441A /* Release */ = {
			isa = XCBuildConfiguration;
			buildSettings = {
				BUNDLE_LOADER = "$(TEST_HOST)";
				INFOPLIST_FILE = XMLYDemoTests/Info.plist;
				LD_RUNPATH_SEARCH_PATHS = "$(inherited) @executable_path/Frameworks @loader_path/Frameworks";
				PRODUCT_BUNDLE_IDENTIFIER = com.xiudou.XMLYDemoTests;
				PRODUCT_NAME = "$(TARGET_NAME)";
				SWIFT_VERSION = 3.0;
				TEST_HOST = "$(BUILT_PRODUCTS_DIR)/XMLYDemo.app/XMLYDemo";
			};
			name = Release;
		};
		0F24BB6C1E0A4A1800DF441A /* Debug */ = {
			isa = XCBuildConfiguration;
			buildSettings = {
				INFOPLIST_FILE = XMLYDemoUITests/Info.plist;
				LD_RUNPATH_SEARCH_PATHS = "$(inherited) @executable_path/Frameworks @loader_path/Frameworks";
				PRODUCT_BUNDLE_IDENTIFIER = com.xiudou.XMLYDemoUITests;
				PRODUCT_NAME = "$(TARGET_NAME)";
				SWIFT_VERSION = 3.0;
				TEST_TARGET_NAME = XMLYDemo;
			};
			name = Debug;
		};
		0F24BB6D1E0A4A1800DF441A /* Release */ = {
			isa = XCBuildConfiguration;
			buildSettings = {
				INFOPLIST_FILE = XMLYDemoUITests/Info.plist;
				LD_RUNPATH_SEARCH_PATHS = "$(inherited) @executable_path/Frameworks @loader_path/Frameworks";
				PRODUCT_BUNDLE_IDENTIFIER = com.xiudou.XMLYDemoUITests;
				PRODUCT_NAME = "$(TARGET_NAME)";
				SWIFT_VERSION = 3.0;
				TEST_TARGET_NAME = XMLYDemo;
			};
			name = Release;
		};
/* End XCBuildConfiguration section */

/* Begin XCConfigurationList section */
		0F24BB381E0A4A1700DF441A /* Build configuration list for PBXProject "XMLYDemo" */ = {
			isa = XCConfigurationList;
			buildConfigurations = (
				0F24BB631E0A4A1800DF441A /* Debug */,
				0F24BB641E0A4A1800DF441A /* Release */,
			);
			defaultConfigurationIsVisible = 0;
			defaultConfigurationName = Release;
		};
		0F24BB651E0A4A1800DF441A /* Build configuration list for PBXNativeTarget "XMLYDemo" */ = {
			isa = XCConfigurationList;
			buildConfigurations = (
				0F24BB661E0A4A1800DF441A /* Debug */,
				0F24BB671E0A4A1800DF441A /* Release */,
			);
			defaultConfigurationIsVisible = 0;
			defaultConfigurationName = Release;
		};
		0F24BB681E0A4A1800DF441A /* Build configuration list for PBXNativeTarget "XMLYDemoTests" */ = {
			isa = XCConfigurationList;
			buildConfigurations = (
				0F24BB691E0A4A1800DF441A /* Debug */,
				0F24BB6A1E0A4A1800DF441A /* Release */,
			);
			defaultConfigurationIsVisible = 0;
			defaultConfigurationName = Release;
		};
		0F24BB6B1E0A4A1800DF441A /* Build configuration list for PBXNativeTarget "XMLYDemoUITests" */ = {
			isa = XCConfigurationList;
			buildConfigurations = (
				0F24BB6C1E0A4A1800DF441A /* Debug */,
				0F24BB6D1E0A4A1800DF441A /* Release */,
			);
			defaultConfigurationIsVisible = 0;
			defaultConfigurationName = Release;
		};
/* End XCConfigurationList section */
	};
	rootObject = 0F24BB351E0A4A1700DF441A /* Project object */;
}
